// !$*UTF8*$!
{
	archiveVersion = 1;
	classes = {
	};
	objectVersion = 55;
	objects = {

/* Begin PBXBuildFile section */
		AA6EAFA2289A56AE00BB13E7 /* Tests_iOS.swift in Sources */ = {isa = PBXBuildFile; fileRef = AA6EAFA1289A56AE00BB13E7 /* Tests_iOS.swift */; };
		AA6EAFA4289A56AE00BB13E7 /* Tests_iOSLaunchTests.swift in Sources */ = {isa = PBXBuildFile; fileRef = AA6EAFA3289A56AE00BB13E7 /* Tests_iOSLaunchTests.swift */; };
		AA6EAFAE289A56AE00BB13E7 /* Tests_macOS.swift in Sources */ = {isa = PBXBuildFile; fileRef = AA6EAFAD289A56AE00BB13E7 /* Tests_macOS.swift */; };
		AA6EAFB0289A56AE00BB13E7 /* Tests_macOSLaunchTests.swift in Sources */ = {isa = PBXBuildFile; fileRef = AA6EAFAF289A56AE00BB13E7 /* Tests_macOSLaunchTests.swift */; };
		AA6EAFB1289A56AE00BB13E7 /* SkyDaily.xcdatamodeld in Sources */ = {isa = PBXBuildFile; fileRef = AA6EAF86289A56AB00BB13E7 /* SkyDaily.xcdatamodeld */; };
		AA6EAFB2289A56AE00BB13E7 /* SkyDaily.xcdatamodeld in Sources */ = {isa = PBXBuildFile; fileRef = AA6EAF86289A56AB00BB13E7 /* SkyDaily.xcdatamodeld */; };
		AA6EAFB3289A56AE00BB13E7 /* SkyDailyApp.swift in Sources */ = {isa = PBXBuildFile; fileRef = AA6EAF88289A56AB00BB13E7 /* SkyDailyApp.swift */; };
		AA6EAFB4289A56AE00BB13E7 /* SkyDailyApp.swift in Sources */ = {isa = PBXBuildFile; fileRef = AA6EAF88289A56AB00BB13E7 /* SkyDailyApp.swift */; };
		AA6EAFB5289A56AE00BB13E7 /* ContentView.swift in Sources */ = {isa = PBXBuildFile; fileRef = AA6EAF89289A56AB00BB13E7 /* ContentView.swift */; };
		AA6EAFB6289A56AE00BB13E7 /* ContentView.swift in Sources */ = {isa = PBXBuildFile; fileRef = AA6EAF89289A56AB00BB13E7 /* ContentView.swift */; };
		AA6EAFB7289A56AE00BB13E7 /* Persistence.swift in Sources */ = {isa = PBXBuildFile; fileRef = AA6EAF8A289A56AB00BB13E7 /* Persistence.swift */; };
		AA6EAFB8289A56AE00BB13E7 /* Persistence.swift in Sources */ = {isa = PBXBuildFile; fileRef = AA6EAF8A289A56AB00BB13E7 /* Persistence.swift */; };
		AA6EAFB9289A56AE00BB13E7 /* Assets.xcassets in Resources */ = {isa = PBXBuildFile; fileRef = AA6EAF8B289A56AE00BB13E7 /* Assets.xcassets */; };
		AA6EAFBA289A56AE00BB13E7 /* Assets.xcassets in Resources */ = {isa = PBXBuildFile; fileRef = AA6EAF8B289A56AE00BB13E7 /* Assets.xcassets */; };
/* End PBXBuildFile section */

/* Begin PBXContainerItemProxy section */
		AA6EAF9E289A56AE00BB13E7 /* PBXContainerItemProxy */ = {
			isa = PBXContainerItemProxy;
			containerPortal = AA6EAF81289A56AA00BB13E7 /* Project object */;
			proxyType = 1;
			remoteGlobalIDString = AA6EAF8F289A56AE00BB13E7;
			remoteInfo = "SkyDaily (iOS)";
		};
		AA6EAFAA289A56AE00BB13E7 /* PBXContainerItemProxy */ = {
			isa = PBXContainerItemProxy;
			containerPortal = AA6EAF81289A56AA00BB13E7 /* Project object */;
			proxyType = 1;
			remoteGlobalIDString = AA6EAF95289A56AE00BB13E7;
			remoteInfo = "SkyDaily (macOS)";
		};
/* End PBXContainerItemProxy section */

/* Begin PBXFileReference section */
		AA6EAF87289A56AB00BB13E7 /* Shared.xcdatamodel */ = {isa = PBXFileReference; lastKnownFileType = wrapper.xcdatamodel; path = Shared.xcdatamodel; sourceTree = "<group>"; };
		AA6EAF88289A56AB00BB13E7 /* SkyDailyApp.swift */ = {isa = PBXFileReference; lastKnownFileType = sourcecode.swift; path = SkyDailyApp.swift; sourceTree = "<group>"; };
		AA6EAF89289A56AB00BB13E7 /* ContentView.swift */ = {isa = PBXFileReference; lastKnownFileType = sourcecode.swift; path = ContentView.swift; sourceTree = "<group>"; };
		AA6EAF8A289A56AB00BB13E7 /* Persistence.swift */ = {isa = PBXFileReference; lastKnownFileType = sourcecode.swift; path = Persistence.swift; sourceTree = "<group>"; };
		AA6EAF8B289A56AE00BB13E7 /* Assets.xcassets */ = {isa = PBXFileReference; lastKnownFileType = folder.assetcatalog; path = Assets.xcassets; sourceTree = "<group>"; };
		AA6EAF90289A56AE00BB13E7 /* SkyDaily.app */ = {isa = PBXFileReference; explicitFileType = wrapper.application; includeInIndex = 0; path = SkyDaily.app; sourceTree = BUILT_PRODUCTS_DIR; };
		AA6EAF96289A56AE00BB13E7 /* SkyDaily.app */ = {isa = PBXFileReference; explicitFileType = wrapper.application; includeInIndex = 0; path = SkyDaily.app; sourceTree = BUILT_PRODUCTS_DIR; };
		AA6EAF98289A56AE00BB13E7 /* macOS.entitlements */ = {isa = PBXFileReference; lastKnownFileType = text.plist.entitlements; path = macOS.entitlements; sourceTree = "<group>"; };
		AA6EAF9D289A56AE00BB13E7 /* Tests iOS.xctest */ = {isa = PBXFileReference; explicitFileType = wrapper.cfbundle; includeInIndex = 0; path = "Tests iOS.xctest"; sourceTree = BUILT_PRODUCTS_DIR; };
		AA6EAFA1289A56AE00BB13E7 /* Tests_iOS.swift */ = {isa = PBXFileReference; lastKnownFileType = sourcecode.swift; path = Tests_iOS.swift; sourceTree = "<group>"; };
		AA6EAFA3289A56AE00BB13E7 /* Tests_iOSLaunchTests.swift */ = {isa = PBXFileReference; lastKnownFileType = sourcecode.swift; path = Tests_iOSLaunchTests.swift; sourceTree = "<group>"; };
		AA6EAFA9289A56AE00BB13E7 /* Tests macOS.xctest */ = {isa = PBXFileReference; explicitFileType = wrapper.cfbundle; includeInIndex = 0; path = "Tests macOS.xctest"; sourceTree = BUILT_PRODUCTS_DIR; };
		AA6EAFAD289A56AE00BB13E7 /* Tests_macOS.swift */ = {isa = PBXFileReference; lastKnownFileType = sourcecode.swift; path = Tests_macOS.swift; sourceTree = "<group>"; };
		AA6EAFAF289A56AE00BB13E7 /* Tests_macOSLaunchTests.swift */ = {isa = PBXFileReference; lastKnownFileType = sourcecode.swift; path = Tests_macOSLaunchTests.swift; sourceTree = "<group>"; };
/* End PBXFileReference section */

/* Begin PBXFrameworksBuildPhase section */
		AA6EAF8D289A56AE00BB13E7 /* Frameworks */ = {
			isa = PBXFrameworksBuildPhase;
			buildActionMask = 2147483647;
			files = (
			);
			runOnlyForDeploymentPostprocessing = 0;
		};
		AA6EAF93289A56AE00BB13E7 /* Frameworks */ = {
			isa = PBXFrameworksBuildPhase;
			buildActionMask = 2147483647;
			files = (
			);
			runOnlyForDeploymentPostprocessing = 0;
		};
		AA6EAF9A289A56AE00BB13E7 /* Frameworks */ = {
			isa = PBXFrameworksBuildPhase;
			buildActionMask = 2147483647;
			files = (
			);
			runOnlyForDeploymentPostprocessing = 0;
		};
		AA6EAFA6289A56AE00BB13E7 /* Frameworks */ = {
			isa = PBXFrameworksBuildPhase;
			buildActionMask = 2147483647;
			files = (
			);
			runOnlyForDeploymentPostprocessing = 0;
		};
/* End PBXFrameworksBuildPhase section */

/* Begin PBXGroup section */
		AA6EAF80289A56AA00BB13E7 = {
			isa = PBXGroup;
			children = (
				AA6EAF85289A56AB00BB13E7 /* Shared */,
				AA6EAF97289A56AE00BB13E7 /* macOS */,
				AA6EAFA0289A56AE00BB13E7 /* Tests iOS */,
				AA6EAFAC289A56AE00BB13E7 /* Tests macOS */,
				AA6EAF91289A56AE00BB13E7 /* Products */,
			);
			sourceTree = "<group>";
		};
		AA6EAF85289A56AB00BB13E7 /* Shared */ = {
			isa = PBXGroup;
			children = (
				AA6EAF88289A56AB00BB13E7 /* SkyDailyApp.swift */,
				AA6EAF89289A56AB00BB13E7 /* ContentView.swift */,
				AA6EAF8A289A56AB00BB13E7 /* Persistence.swift */,
				AA6EAF8B289A56AE00BB13E7 /* Assets.xcassets */,
				AA6EAF86289A56AB00BB13E7 /* SkyDaily.xcdatamodeld */,
			);
			path = Shared;
			sourceTree = "<group>";
		};
		AA6EAF91289A56AE00BB13E7 /* Products */ = {
			isa = PBXGroup;
			children = (
				AA6EAF90289A56AE00BB13E7 /* SkyDaily.app */,
				AA6EAF96289A56AE00BB13E7 /* SkyDaily.app */,
				AA6EAF9D289A56AE00BB13E7 /* Tests iOS.xctest */,
				AA6EAFA9289A56AE00BB13E7 /* Tests macOS.xctest */,
			);
			name = Products;
			sourceTree = "<group>";
		};
		AA6EAF97289A56AE00BB13E7 /* macOS */ = {
			isa = PBXGroup;
			children = (
				AA6EAF98289A56AE00BB13E7 /* macOS.entitlements */,
			);
			path = macOS;
			sourceTree = "<group>";
		};
		AA6EAFA0289A56AE00BB13E7 /* Tests iOS */ = {
			isa = PBXGroup;
			children = (
				AA6EAFA1289A56AE00BB13E7 /* Tests_iOS.swift */,
				AA6EAFA3289A56AE00BB13E7 /* Tests_iOSLaunchTests.swift */,
			);
			path = "Tests iOS";
			sourceTree = "<group>";
		};
		AA6EAFAC289A56AE00BB13E7 /* Tests macOS */ = {
			isa = PBXGroup;
			children = (
				AA6EAFAD289A56AE00BB13E7 /* Tests_macOS.swift */,
				AA6EAFAF289A56AE00BB13E7 /* Tests_macOSLaunchTests.swift */,
			);
			path = "Tests macOS";
			sourceTree = "<group>";
		};
/* End PBXGroup section */

/* Begin PBXNativeTarget section */
		AA6EAF8F289A56AE00BB13E7 /* SkyDaily (iOS) */ = {
			isa = PBXNativeTarget;
			buildConfigurationList = AA6EAFBD289A56AE00BB13E7 /* Build configuration list for PBXNativeTarget "SkyDaily (iOS)" */;
			buildPhases = (
				AA6EAF8C289A56AE00BB13E7 /* Sources */,
				AA6EAF8D289A56AE00BB13E7 /* Frameworks */,
				AA6EAF8E289A56AE00BB13E7 /* Resources */,
			);
			buildRules = (
			);
			dependencies = (
			);
			name = "SkyDaily (iOS)";
			productName = "SkyDaily (iOS)";
			productReference = AA6EAF90289A56AE00BB13E7 /* SkyDaily.app */;
			productType = "com.apple.product-type.application";
		};
		AA6EAF95289A56AE00BB13E7 /* SkyDaily (macOS) */ = {
			isa = PBXNativeTarget;
			buildConfigurationList = AA6EAFC0289A56AE00BB13E7 /* Build configuration list for PBXNativeTarget "SkyDaily (macOS)" */;
			buildPhases = (
				AA6EAF92289A56AE00BB13E7 /* Sources */,
				AA6EAF93289A56AE00BB13E7 /* Frameworks */,
				AA6EAF94289A56AE00BB13E7 /* Resources */,
			);
			buildRules = (
			);
			dependencies = (
			);
			name = "SkyDaily (macOS)";
			productName = "SkyDaily (macOS)";
			productReference = AA6EAF96289A56AE00BB13E7 /* SkyDaily.app */;
			productType = "com.apple.product-type.application";
		};
		AA6EAF9C289A56AE00BB13E7 /* Tests iOS */ = {
			isa = PBXNativeTarget;
			buildConfigurationList = AA6EAFC3289A56AE00BB13E7 /* Build configuration list for PBXNativeTarget "Tests iOS" */;
			buildPhases = (
				AA6EAF99289A56AE00BB13E7 /* Sources */,
				AA6EAF9A289A56AE00BB13E7 /* Frameworks */,
				AA6EAF9B289A56AE00BB13E7 /* Resources */,
			);
			buildRules = (
			);
			dependencies = (
				AA6EAF9F289A56AE00BB13E7 /* PBXTargetDependency */,
			);
			name = "Tests iOS";
			productName = "Tests iOS";
			productReference = AA6EAF9D289A56AE00BB13E7 /* Tests iOS.xctest */;
			productType = "com.apple.product-type.bundle.ui-testing";
		};
		AA6EAFA8289A56AE00BB13E7 /* Tests macOS */ = {
			isa = PBXNativeTarget;
			buildConfigurationList = AA6EAFC6289A56AE00BB13E7 /* Build configuration list for PBXNativeTarget "Tests macOS" */;
			buildPhases = (
				AA6EAFA5289A56AE00BB13E7 /* Sources */,
				AA6EAFA6289A56AE00BB13E7 /* Frameworks */,
				AA6EAFA7289A56AE00BB13E7 /* Resources */,
			);
			buildRules = (
			);
			dependencies = (
				AA6EAFAB289A56AE00BB13E7 /* PBXTargetDependency */,
			);
			name = "Tests macOS";
			productName = "Tests macOS";
			productReference = AA6EAFA9289A56AE00BB13E7 /* Tests macOS.xctest */;
			productType = "com.apple.product-type.bundle.ui-testing";
		};
/* End PBXNativeTarget section */

/* Begin PBXProject section */
		AA6EAF81289A56AA00BB13E7 /* Project object */ = {
			isa = PBXProject;
			attributes = {
				BuildIndependentTargetsInParallel = 1;
				LastSwiftUpdateCheck = 1340;
				LastUpgradeCheck = 1340;
				TargetAttributes = {
					AA6EAF8F289A56AE00BB13E7 = {
						CreatedOnToolsVersion = 13.4.1;
					};
					AA6EAF95289A56AE00BB13E7 = {
						CreatedOnToolsVersion = 13.4.1;
					};
					AA6EAF9C289A56AE00BB13E7 = {
						CreatedOnToolsVersion = 13.4.1;
						TestTargetID = AA6EAF8F289A56AE00BB13E7;
					};
					AA6EAFA8289A56AE00BB13E7 = {
						CreatedOnToolsVersion = 13.4.1;
						TestTargetID = AA6EAF95289A56AE00BB13E7;
					};
				};
			};
			buildConfigurationList = AA6EAF84289A56AA00BB13E7 /* Build configuration list for PBXProject "SkyDaily" */;
			compatibilityVersion = "Xcode 13.0";
			developmentRegion = en;
			hasScannedForEncodings = 0;
			knownRegions = (
				en,
				Base,
			);
			mainGroup = AA6EAF80289A56AA00BB13E7;
			productRefGroup = AA6EAF91289A56AE00BB13E7 /* Products */;
			projectDirPath = "";
			projectRoot = "";
			targets = (
				AA6EAF8F289A56AE00BB13E7 /* SkyDaily (iOS) */,
				AA6EAF95289A56AE00BB13E7 /* SkyDaily (macOS) */,
				AA6EAF9C289A56AE00BB13E7 /* Tests iOS */,
				AA6EAFA8289A56AE00BB13E7 /* Tests macOS */,
			);
		};
/* End PBXProject section */

/* Begin PBXResourcesBuildPhase section */
		AA6EAF8E289A56AE00BB13E7 /* Resources */ = {
			isa = PBXResourcesBuildPhase;
			buildActionMask = 2147483647;
			files = (
				AA6EAFB9289A56AE00BB13E7 /* Assets.xcassets in Resources */,
			);
			runOnlyForDeploymentPostprocessing = 0;
		};
		AA6EAF94289A56AE00BB13E7 /* Resources */ = {
			isa = PBXResourcesBuildPhase;
			buildActionMask = 2147483647;
			files = (
				AA6EAFBA289A56AE00BB13E7 /* Assets.xcassets in Resources */,
			);
			runOnlyForDeploymentPostprocessing = 0;
		};
		AA6EAF9B289A56AE00BB13E7 /* Resources */ = {
			isa = PBXResourcesBuildPhase;
			buildActionMask = 2147483647;
			files = (
			);
			runOnlyForDeploymentPostprocessing = 0;
		};
		AA6EAFA7289A56AE00BB13E7 /* Resources */ = {
			isa = PBXResourcesBuildPhase;
			buildActionMask = 2147483647;
			files = (
			);
			runOnlyForDeploymentPostprocessing = 0;
		};
/* End PBXResourcesBuildPhase section */

/* Begin PBXSourcesBuildPhase section */
		AA6EAF8C289A56AE00BB13E7 /* Sources */ = {
			isa = PBXSourcesBuildPhase;
			buildActionMask = 2147483647;
			files = (
				AA6EAFB1289A56AE00BB13E7 /* SkyDaily.xcdatamodeld in Sources */,
				AA6EAFB7289A56AE00BB13E7 /* Persistence.swift in Sources */,
				AA6EAFB3289A56AE00BB13E7 /* SkyDailyApp.swift in Sources */,
				AA6EAFB5289A56AE00BB13E7 /* ContentView.swift in Sources */,
			);
			runOnlyForDeploymentPostprocessing = 0;
		};
		AA6EAF92289A56AE00BB13E7 /* Sources */ = {
			isa = PBXSourcesBuildPhase;
			buildActionMask = 2147483647;
			files = (
				AA6EAFB2289A56AE00BB13E7 /* SkyDaily.xcdatamodeld in Sources */,
				AA6EAFB8289A56AE00BB13E7 /* Persistence.swift in Sources */,
				AA6EAFB4289A56AE00BB13E7 /* SkyDailyApp.swift in Sources */,
				AA6EAFB6289A56AE00BB13E7 /* ContentView.swift in Sources */,
			);
			runOnlyForDeploymentPostprocessing = 0;
		};
		AA6EAF99289A56AE00BB13E7 /* Sources */ = {
			isa = PBXSourcesBuildPhase;
			buildActionMask = 2147483647;
			files = (
				AA6EAFA4289A56AE00BB13E7 /* Tests_iOSLaunchTests.swift in Sources */,
				AA6EAFA2289A56AE00BB13E7 /* Tests_iOS.swift in Sources */,
			);
			runOnlyForDeploymentPostprocessing = 0;
		};
		AA6EAFA5289A56AE00BB13E7 /* Sources */ = {
			isa = PBXSourcesBuildPhase;
			buildActionMask = 2147483647;
			files = (
				AA6EAFB0289A56AE00BB13E7 /* Tests_macOSLaunchTests.swift in Sources */,
				AA6EAFAE289A56AE00BB13E7 /* Tests_macOS.swift in Sources */,
			);
			runOnlyForDeploymentPostprocessing = 0;
		};
/* End PBXSourcesBuildPhase section */

/* Begin PBXTargetDependency section */
		AA6EAF9F289A56AE00BB13E7 /* PBXTargetDependency */ = {
			isa = PBXTargetDependency;
			target = AA6EAF8F289A56AE00BB13E7 /* SkyDaily (iOS) */;
			targetProxy = AA6EAF9E289A56AE00BB13E7 /* PBXContainerItemProxy */;
		};
		AA6EAFAB289A56AE00BB13E7 /* PBXTargetDependency */ = {
			isa = PBXTargetDependency;
			target = AA6EAF95289A56AE00BB13E7 /* SkyDaily (macOS) */;
			targetProxy = AA6EAFAA289A56AE00BB13E7 /* PBXContainerItemProxy */;
		};
/* End PBXTargetDependency section */

/* Begin XCBuildConfiguration section */
		AA6EAFBB289A56AE00BB13E7 /* Debug */ = {
			isa = XCBuildConfiguration;
			buildSettings = {
				ALWAYS_SEARCH_USER_PATHS = NO;
				CLANG_ANALYZER_NONNULL = YES;
				CLANG_ANALYZER_NUMBER_OBJECT_CONVERSION = YES_AGGRESSIVE;
				CLANG_CXX_LANGUAGE_STANDARD = "gnu++17";
				CLANG_ENABLE_MODULES = YES;
				CLANG_ENABLE_OBJC_ARC = YES;
				CLANG_ENABLE_OBJC_WEAK = YES;
				CLANG_WARN_BLOCK_CAPTURE_AUTORELEASING = YES;
				CLANG_WARN_BOOL_CONVERSION = YES;
				CLANG_WARN_COMMA = YES;
				CLANG_WARN_CONSTANT_CONVERSION = YES;
				CLANG_WARN_DEPRECATED_OBJC_IMPLEMENTATIONS = YES;
				CLANG_WARN_DIRECT_OBJC_ISA_USAGE = YES_ERROR;
				CLANG_WARN_DOCUMENTATION_COMMENTS = YES;
				CLANG_WARN_EMPTY_BODY = YES;
				CLANG_WARN_ENUM_CONVERSION = YES;
				CLANG_WARN_INFINITE_RECURSION = YES;
				CLANG_WARN_INT_CONVERSION = YES;
				CLANG_WARN_NON_LITERAL_NULL_CONVERSION = YES;
				CLANG_WARN_OBJC_IMPLICIT_RETAIN_SELF = YES;
				CLANG_WARN_OBJC_LITERAL_CONVERSION = YES;
				CLANG_WARN_OBJC_ROOT_CLASS = YES_ERROR;
				CLANG_WARN_QUOTED_INCLUDE_IN_FRAMEWORK_HEADER = YES;
				CLANG_WARN_RANGE_LOOP_ANALYSIS = YES;
				CLANG_WARN_STRICT_PROTOTYPES = YES;
				CLANG_WARN_SUSPICIOUS_MOVE = YES;
				CLANG_WARN_UNGUARDED_AVAILABILITY = YES_AGGRESSIVE;
				CLANG_WARN_UNREACHABLE_CODE = YES;
				CLANG_WARN__DUPLICATE_METHOD_MATCH = YES;
				COPY_PHASE_STRIP = NO;
				DEBUG_INFORMATION_FORMAT = dwarf;
				ENABLE_STRICT_OBJC_MSGSEND = YES;
				ENABLE_TESTABILITY = YES;
				GCC_C_LANGUAGE_STANDARD = gnu11;
				GCC_DYNAMIC_NO_PIC = NO;
				GCC_NO_COMMON_BLOCKS = YES;
				GCC_OPTIMIZATION_LEVEL = 0;
				GCC_PREPROCESSOR_DEFINITIONS = (
					"DEBUG=1",
					"$(inherited)",
				);
				GCC_WARN_64_TO_32_BIT_CONVERSION = YES;
				GCC_WARN_ABOUT_RETURN_TYPE = YES_ERROR;
				GCC_WARN_UNDECLARED_SELECTOR = YES;
				GCC_WARN_UNINITIALIZED_AUTOS = YES_AGGRESSIVE;
				GCC_WARN_UNUSED_FUNCTION = YES;
				GCC_WARN_UNUSED_VARIABLE = YES;
				MTL_ENABLE_DEBUG_INFO = INCLUDE_SOURCE;
				MTL_FAST_MATH = YES;
				ONLY_ACTIVE_ARCH = YES;
				SWIFT_ACTIVE_COMPILATION_CONDITIONS = DEBUG;
				SWIFT_OPTIMIZATION_LEVEL = "-Onone";
			};
			name = Debug;
		};
		AA6EAFBC289A56AE00BB13E7 /* Release */ = {
			isa = XCBuildConfiguration;
			buildSettings = {
				ALWAYS_SEARCH_USER_PATHS = NO;
				CLANG_ANALYZER_NONNULL = YES;
				CLANG_ANALYZER_NUMBER_OBJECT_CONVERSION = YES_AGGRESSIVE;
				CLANG_CXX_LANGUAGE_STANDARD = "gnu++17";
				CLANG_ENABLE_MODULES = YES;
				CLANG_ENABLE_OBJC_ARC = YES;
				CLANG_ENABLE_OBJC_WEAK = YES;
				CLANG_WARN_BLOCK_CAPTURE_AUTORELEASING = YES;
				CLANG_WARN_BOOL_CONVERSION = YES;
				CLANG_WARN_COMMA = YES;
				CLANG_WARN_CONSTANT_CONVERSION = YES;
				CLANG_WARN_DEPRECATED_OBJC_IMPLEMENTATIONS = YES;
				CLANG_WARN_DIRECT_OBJC_ISA_USAGE = YES_ERROR;
				CLANG_WARN_DOCUMENTATION_COMMENTS = YES;
				CLANG_WARN_EMPTY_BODY = YES;
				CLANG_WARN_ENUM_CONVERSION = YES;
				CLANG_WARN_INFINITE_RECURSION = YES;
				CLANG_WARN_INT_CONVERSION = YES;
				CLANG_WARN_NON_LITERAL_NULL_CONVERSION = YES;
				CLANG_WARN_OBJC_IMPLICIT_RETAIN_SELF = YES;
				CLANG_WARN_OBJC_LITERAL_CONVERSION = YES;
				CLANG_WARN_OBJC_ROOT_CLASS = YES_ERROR;
				CLANG_WARN_QUOTED_INCLUDE_IN_FRAMEWORK_HEADER = YES;
				CLANG_WARN_RANGE_LOOP_ANALYSIS = YES;
				CLANG_WARN_STRICT_PROTOTYPES = YES;
				CLANG_WARN_SUSPICIOUS_MOVE = YES;
				CLANG_WARN_UNGUARDED_AVAILABILITY = YES_AGGRESSIVE;
				CLANG_WARN_UNREACHABLE_CODE = YES;
				CLANG_WARN__DUPLICATE_METHOD_MATCH = YES;
				COPY_PHASE_STRIP = NO;
				DEBUG_INFORMATION_FORMAT = "dwarf-with-dsym";
				ENABLE_NS_ASSERTIONS = NO;
				ENABLE_STRICT_OBJC_MSGSEND = YES;
				GCC_C_LANGUAGE_STANDARD = gnu11;
				GCC_NO_COMMON_BLOCKS = YES;
				GCC_WARN_64_TO_32_BIT_CONVERSION = YES;
				GCC_WARN_ABOUT_RETURN_TYPE = YES_ERROR;
				GCC_WARN_UNDECLARED_SELECTOR = YES;
				GCC_WARN_UNINITIALIZED_AUTOS = YES_AGGRESSIVE;
				GCC_WARN_UNUSED_FUNCTION = YES;
				GCC_WARN_UNUSED_VARIABLE = YES;
				MTL_ENABLE_DEBUG_INFO = NO;
				MTL_FAST_MATH = YES;
				SWIFT_COMPILATION_MODE = wholemodule;
				SWIFT_OPTIMIZATION_LEVEL = "-O";
			};
			name = Release;
		};
		AA6EAFBE289A56AE00BB13E7 /* Debug */ = {
			isa = XCBuildConfiguration;
			buildSettings = {
				ASSETCATALOG_COMPILER_APPICON_NAME = AppIcon;
				ASSETCATALOG_COMPILER_GLOBAL_ACCENT_COLOR_NAME = AccentColor;
				CODE_SIGN_STYLE = Automatic;
				CURRENT_PROJECT_VERSION = 1;
				DEVELOPMENT_TEAM = N95828MS2Q;
				ENABLE_PREVIEWS = YES;
				GENERATE_INFOPLIST_FILE = YES;
				INFOPLIST_KEY_UIApplicationSceneManifest_Generation = YES;
				INFOPLIST_KEY_UIApplicationSupportsIndirectInputEvents = YES;
				INFOPLIST_KEY_UILaunchScreen_Generation = YES;
				INFOPLIST_KEY_UISupportedInterfaceOrientations_iPad = "UIInterfaceOrientationPortrait UIInterfaceOrientationPortraitUpsideDown UIInterfaceOrientationLandscapeLeft UIInterfaceOrientationLandscapeRight";
				INFOPLIST_KEY_UISupportedInterfaceOrientations_iPhone = "UIInterfaceOrientationPortrait UIInterfaceOrientationLandscapeLeft UIInterfaceOrientationLandscapeRight";
				IPHONEOS_DEPLOYMENT_TARGET = 15.5;
				LD_RUNPATH_SEARCH_PATHS = (
					"$(inherited)",
					"@executable_path/Frameworks",
				);
				MARKETING_VERSION = 1.0;
				PRODUCT_BUNDLE_IDENTIFIER = XYK.SkyDaily;
				PRODUCT_NAME = SkyDaily;
				SDKROOT = iphoneos;
				SWIFT_EMIT_LOC_STRINGS = YES;
				SWIFT_VERSION = 5.0;
				TARGETED_DEVICE_FAMILY = "1,2";
			};
			name = Debug;
		};
		AA6EAFBF289A56AE00BB13E7 /* Release */ = {
			isa = XCBuildConfiguration;
			buildSettings = {
				ASSETCATALOG_COMPILER_APPICON_NAME = AppIcon;
				ASSETCATALOG_COMPILER_GLOBAL_ACCENT_COLOR_NAME = AccentColor;
				CODE_SIGN_STYLE = Automatic;
				CURRENT_PROJECT_VERSION = 1;
				DEVELOPMENT_TEAM = N95828MS2Q;
				ENABLE_PREVIEWS = YES;
				GENERATE_INFOPLIST_FILE = YES;
				INFOPLIST_KEY_UIApplicationSceneManifest_Generation = YES;
				INFOPLIST_KEY_UIApplicationSupportsIndirectInputEvents = YES;
				INFOPLIST_KEY_UILaunchScreen_Generation = YES;
				INFOPLIST_KEY_UISupportedInterfaceOrientations_iPad = "UIInterfaceOrientationPortrait UIInterfaceOrientationPortraitUpsideDown UIInterfaceOrientationLandscapeLeft UIInterfaceOrientationLandscapeRight";
				INFOPLIST_KEY_UISupportedInterfaceOrientations_iPhone = "UIInterfaceOrientationPortrait UIInterfaceOrientationLandscapeLeft UIInterfaceOrientationLandscapeRight";
				IPHONEOS_DEPLOYMENT_TARGET = 15.5;
				LD_RUNPATH_SEARCH_PATHS = (
					"$(inherited)",
					"@executable_path/Frameworks",
				);
				MARKETING_VERSION = 1.0;
				PRODUCT_BUNDLE_IDENTIFIER = XYK.SkyDaily;
				PRODUCT_NAME = SkyDaily;
				SDKROOT = iphoneos;
				SWIFT_EMIT_LOC_STRINGS = YES;
				SWIFT_VERSION = 5.0;
				TARGETED_DEVICE_FAMILY = "1,2";
				VALIDATE_PRODUCT = YES;
			};
			name = Release;
		};
		AA6EAFC1289A56AE00BB13E7 /* Debug */ = {
			isa = XCBuildConfiguration;
			buildSettings = {
				ASSETCATALOG_COMPILER_APPICON_NAME = AppIcon;
				ASSETCATALOG_COMPILER_GLOBAL_ACCENT_COLOR_NAME = AccentColor;
				CODE_SIGN_ENTITLEMENTS = macOS/macOS.entitlements;
				CODE_SIGN_STYLE = Automatic;
				COMBINE_HIDPI_IMAGES = YES;
				CURRENT_PROJECT_VERSION = 1;
				DEVELOPMENT_TEAM = N95828MS2Q;
				ENABLE_HARDENED_RUNTIME = YES;
				ENABLE_PREVIEWS = YES;
				GENERATE_INFOPLIST_FILE = YES;
				INFOPLIST_KEY_NSHumanReadableCopyright = "";
				LD_RUNPATH_SEARCH_PATHS = (
					"$(inherited)",
					"@executable_path/../Frameworks",
				);
				MACOSX_DEPLOYMENT_TARGET = 12.3;
				MARKETING_VERSION = 1.0;
				PRODUCT_BUNDLE_IDENTIFIER = XYK.SkyDaily;
				PRODUCT_NAME = SkyDaily;
				SDKROOT = macosx;
				SWIFT_EMIT_LOC_STRINGS = YES;
				SWIFT_VERSION = 5.0;
			};
			name = Debug;
		};
		AA6EAFC2289A56AE00BB13E7 /* Release */ = {
			isa = XCBuildConfiguration;
			buildSettings = {
				ASSETCATALOG_COMPILER_APPICON_NAME = AppIcon;
				ASSETCATALOG_COMPILER_GLOBAL_ACCENT_COLOR_NAME = AccentColor;
				CODE_SIGN_ENTITLEMENTS = macOS/macOS.entitlements;
				CODE_SIGN_STYLE = Automatic;
				COMBINE_HIDPI_IMAGES = YES;
				CURRENT_PROJECT_VERSION = 1;
				DEVELOPMENT_TEAM = N95828MS2Q;
				ENABLE_HARDENED_RUNTIME = YES;
				ENABLE_PREVIEWS = YES;
				GENERATE_INFOPLIST_FILE = YES;
				INFOPLIST_KEY_NSHumanReadableCopyright = "";
				LD_RUNPATH_SEARCH_PATHS = (
					"$(inherited)",
					"@executable_path/../Frameworks",
				);
				MACOSX_DEPLOYMENT_TARGET = 12.3;
				MARKETING_VERSION = 1.0;
				PRODUCT_BUNDLE_IDENTIFIER = XYK.SkyDaily;
				PRODUCT_NAME = SkyDaily;
				SDKROOT = macosx;
				SWIFT_EMIT_LOC_STRINGS = YES;
				SWIFT_VERSION = 5.0;
			};
			name = Release;
		};
		AA6EAFC4289A56AE00BB13E7 /* Debug */ = {
			isa = XCBuildConfiguration;
			buildSettings = {
				ALWAYS_EMBED_SWIFT_STANDARD_LIBRARIES = YES;
				CODE_SIGN_STYLE = Automatic;
				CURRENT_PROJECT_VERSION = 1;
				DEVELOPMENT_TEAM = N95828MS2Q;
				GENERATE_INFOPLIST_FILE = YES;
				IPHONEOS_DEPLOYMENT_TARGET = 15.5;
				MARKETING_VERSION = 1.0;
				PRODUCT_BUNDLE_IDENTIFIER = "XYK.Tests-iOS";
				PRODUCT_NAME = "$(TARGET_NAME)";
				SDKROOT = iphoneos;
				SWIFT_EMIT_LOC_STRINGS = NO;
				SWIFT_VERSION = 5.0;
				TARGETED_DEVICE_FAMILY = "1,2";
				TEST_TARGET_NAME = "SkyDaily (iOS)";
			};
			name = Debug;
		};
		AA6EAFC5289A56AE00BB13E7 /* Release */ = {
			isa = XCBuildConfiguration;
			buildSettings = {
				ALWAYS_EMBED_SWIFT_STANDARD_LIBRARIES = YES;
				CODE_SIGN_STYLE = Automatic;
				CURRENT_PROJECT_VERSION = 1;
				DEVELOPMENT_TEAM = N95828MS2Q;
				GENERATE_INFOPLIST_FILE = YES;
				IPHONEOS_DEPLOYMENT_TARGET = 15.5;
				MARKETING_VERSION = 1.0;
				PRODUCT_BUNDLE_IDENTIFIER = "XYK.Tests-iOS";
				PRODUCT_NAME = "$(TARGET_NAME)";
				SDKROOT = iphoneos;
				SWIFT_EMIT_LOC_STRINGS = NO;
				SWIFT_VERSION = 5.0;
				TARGETED_DEVICE_FAMILY = "1,2";
				TEST_TARGET_NAME = "SkyDaily (iOS)";
				VALIDATE_PRODUCT = YES;
			};
			name = Release;
		};
		AA6EAFC7289A56AE00BB13E7 /* Debug */ = {
			isa = XCBuildConfiguration;
			buildSettings = {
				ALWAYS_EMBED_SWIFT_STANDARD_LIBRARIES = YES;
				CODE_SIGN_STYLE = Automatic;
				CURRENT_PROJECT_VERSION = 1;
				DEVELOPMENT_TEAM = N95828MS2Q;
				GENERATE_INFOPLIST_FILE = YES;
				MACOSX_DEPLOYMENT_TARGET = 12.3;
				MARKETING_VERSION = 1.0;
				PRODUCT_BUNDLE_IDENTIFIER = "XYK.Tests-macOS";
				PRODUCT_NAME = "$(TARGET_NAME)";
				SDKROOT = macosx;
				SWIFT_EMIT_LOC_STRINGS = NO;
				SWIFT_VERSION = 5.0;
				TEST_TARGET_NAME = "SkyDaily (macOS)";
			};
			name = Debug;
		};
		AA6EAFC8289A56AE00BB13E7 /* Release */ = {
			isa = XCBuildConfiguration;
			buildSettings = {
				ALWAYS_EMBED_SWIFT_STANDARD_LIBRARIES = YES;
				CODE_SIGN_STYLE = Automatic;
				CURRENT_PROJECT_VERSION = 1;
				DEVELOPMENT_TEAM = N95828MS2Q;
				GENERATE_INFOPLIST_FILE = YES;
				MACOSX_DEPLOYMENT_TARGET = 12.3;
				MARKETING_VERSION = 1.0;
				PRODUCT_BUNDLE_IDENTIFIER = "XYK.Tests-macOS";
				PRODUCT_NAME = "$(TARGET_NAME)";
				SDKROOT = macosx;
				SWIFT_EMIT_LOC_STRINGS = NO;
				SWIFT_VERSION = 5.0;
				TEST_TARGET_NAME = "SkyDaily (macOS)";
			};
			name = Release;
		};
/* End XCBuildConfiguration section */

/* Begin XCConfigurationList section */
		AA6EAF84289A56AA00BB13E7 /* Build configuration list for PBXProject "SkyDaily" */ = {
			isa = XCConfigurationList;
			buildConfigurations = (
				AA6EAFBB289A56AE00BB13E7 /* Debug */,
				AA6EAFBC289A56AE00BB13E7 /* Release */,
			);
			defaultConfigurationIsVisible = 0;
			defaultConfigurationName = Release;
		};
		AA6EAFBD289A56AE00BB13E7 /* Build configuration list for PBXNativeTarget "SkyDaily (iOS)" */ = {
			isa = XCConfigurationList;
			buildConfigurations = (
				AA6EAFBE289A56AE00BB13E7 /* Debug */,
				AA6EAFBF289A56AE00BB13E7 /* Release */,
			);
			defaultConfigurationIsVisible = 0;
			defaultConfigurationName = Release;
		};
		AA6EAFC0289A56AE00BB13E7 /* Build configuration list for PBXNativeTarget "SkyDaily (macOS)" */ = {
			isa = XCConfigurationList;
			buildConfigurations = (
				AA6EAFC1289A56AE00BB13E7 /* Debug */,
				AA6EAFC2289A56AE00BB13E7 /* Release */,
			);
			defaultConfigurationIsVisible = 0;
			defaultConfigurationName = Release;
		};
		AA6EAFC3289A56AE00BB13E7 /* Build configuration list for PBXNativeTarget "Tests iOS" */ = {
			isa = XCConfigurationList;
			buildConfigurations = (
				AA6EAFC4289A56AE00BB13E7 /* Debug */,
				AA6EAFC5289A56AE00BB13E7 /* Release */,
			);
			defaultConfigurationIsVisible = 0;
			defaultConfigurationName = Release;
		};
		AA6EAFC6289A56AE00BB13E7 /* Build configuration list for PBXNativeTarget "Tests macOS" */ = {
			isa = XCConfigurationList;
			buildConfigurations = (
				AA6EAFC7289A56AE00BB13E7 /* Debug */,
				AA6EAFC8289A56AE00BB13E7 /* Release */,
			);
			defaultConfigurationIsVisible = 0;
			defaultConfigurationName = Release;
		};
/* End XCConfigurationList section */

/* Begin XCVersionGroup section */
		AA6EAF86289A56AB00BB13E7 /* SkyDaily.xcdatamodeld */ = {
			isa = XCVersionGroup;
			children = (
				AA6EAF87289A56AB00BB13E7 /* Shared.xcdatamodel */,
			);
			currentVersion = AA6EAF87289A56AB00BB13E7 /* Shared.xcdatamodel */;
			path = SkyDaily.xcdatamodeld;
			sourceTree = "<group>";
			versionGroupType = wrapper.xcdatamodel;
		};
/* End XCVersionGroup section */
	};
	rootObject = AA6EAF81289A56AA00BB13E7 /* Project object */;
}
